
Microsoft Visual Studio Solution File, Format Version 12.00
# Visual Studio 15
VisualStudioVersion = 15.0.28307.1705
MinimumVisualStudioVersion = 10.0.40219.1
Project("{FAE04EC0-301F-11D3-BF4B-00C04F79EFBC}") = "GTO", "GTO\GTO.csproj", "{5E2AF03A-B03F-4621-8AF2-20B7D31A162C}"
EndProject
Global
	GlobalSection(SolutionConfigurationPlatforms) = preSolution
		Debug|Any CPU = Debug|Any CPU
		Release|Any CPU = Release|Any CPU
	EndGlobalSection
	GlobalSection(ProjectConfigurationPlatforms) = postSolution
		{5E2AF03A-B03F-4621-8AF2-20B7D31A162C}.Debug|Any CPU.ActiveCfg = Debug|Any CPU
		{5E2AF03A-B03F-4621-8AF2-20B7D31A162C}.Debug|Any CPU.Build.0 = Debug|Any CPU
		{5E2AF03A-B03F-4621-8AF2-20B7D31A162C}.Release|Any CPU.ActiveCfg = Release|Any CPU
		{5E2AF03A-B03F-4621-8AF2-20B7D31A162C}.Release|Any CPU.Build.0 = Release|Any CPU
	EndGlobalSection
	GlobalSection(SolutionProperties) = preSolution
		HideSolutionNode = FALSE
	EndGlobalSection
	GlobalSection(ExtensibilityGlobals) = postSolution
		SolutionGuid = {0AF434F8-85EB-4461-A0B0-0ECAA758AA6F}
	EndGlobalSection
EndGlobal
